
Microsoft Visual Studio Solution File, Format Version 12.00
# Visual Studio Version 17
VisualStudioVersion = 17.7.34202.233
MinimumVisualStudioVersion = 10.0.40219.1
Project("{FAE04EC0-301F-11D3-BF4B-00C04F79EFBC}") = "lab5_itog", "lab5_itog\lab5_itog.csproj", "{EB90339E-8D90-4825-9ECE-CF84602DB4F4}"
EndProject
Global
	GlobalSection(SolutionConfigurationPlatforms) = preSolution
		Debug|Any CPU = Debug|Any CPU
		Release|Any CPU = Release|Any CPU
	EndGlobalSection
	GlobalSection(ProjectConfigurationPlatforms) = postSolution
		{EB90339E-8D90-4825-9ECE-CF84602DB4F4}.Debug|Any CPU.ActiveCfg = Debug|Any CPU
		{EB90339E-8D90-4825-9ECE-CF84602DB4F4}.Debug|Any CPU.Build.0 = Debug|Any CPU
		{EB90339E-8D90-4825-9ECE-CF84602DB4F4}.Release|Any CPU.ActiveCfg = Release|Any CPU
		{EB90339E-8D90-4825-9ECE-CF84602DB4F4}.Release|Any CPU.Build.0 = Release|Any CPU
	EndGlobalSection
	GlobalSection(SolutionProperties) = preSolution
		HideSolutionNode = FALSE
	EndGlobalSection
	GlobalSection(ExtensibilityGlobals) = postSolution
		SolutionGuid = {FDA6EE49-C164-408C-8C48-49C848DB6E50}
	EndGlobalSection
EndGlobal
