
Microsoft Visual Studio Solution File, Format Version 12.00
# Visual Studio Version 17
VisualStudioVersion = 17.7.34202.233
MinimumVisualStudioVersion = 10.0.40219.1
Project("{FAE04EC0-301F-11D3-BF4B-00C04F79EFBC}") = "lab3", "lab3\lab3.csproj", "{B519C917-90F0-4C2F-A695-23A90BFBAFEA}"
EndProject
Global
	GlobalSection(SolutionConfigurationPlatforms) = preSolution
		Debug|Any CPU = Debug|Any CPU
		Release|Any CPU = Release|Any CPU
	EndGlobalSection
	GlobalSection(ProjectConfigurationPlatforms) = postSolution
		{B519C917-90F0-4C2F-A695-23A90BFBAFEA}.Debug|Any CPU.ActiveCfg = Debug|Any CPU
		{B519C917-90F0-4C2F-A695-23A90BFBAFEA}.Debug|Any CPU.Build.0 = Debug|Any CPU
		{B519C917-90F0-4C2F-A695-23A90BFBAFEA}.Release|Any CPU.ActiveCfg = Release|Any CPU
		{B519C917-90F0-4C2F-A695-23A90BFBAFEA}.Release|Any CPU.Build.0 = Release|Any CPU
	EndGlobalSection
	GlobalSection(SolutionProperties) = preSolution
		HideSolutionNode = FALSE
	EndGlobalSection
	GlobalSection(ExtensibilityGlobals) = postSolution
		SolutionGuid = {3189DDC3-8D97-4667-850A-CD9D84A4E8BD}
	EndGlobalSection
EndGlobal
